
Microsoft Visual Studio Solution File, Format Version 12.00
# Visual Studio Version 17
VisualStudioVersion = 17.3.32819.101
MinimumVisualStudioVersion = 10.0.40219.1
Project("{9A19103F-16F7-4668-BE54-9A1E7A4F7556}") = "WebApplication1", "WebApplication1\WebApplication1.csproj", "{0FC862EC-8A00-47D7-8883-615BA2D54A8B}"
EndProject
Global
	GlobalSection(SolutionConfigurationPlatforms) = preSolution
		Debug|Any CPU = Debug|Any CPU
		Release|Any CPU = Release|Any CPU
	EndGlobalSection
	GlobalSection(ProjectConfigurationPlatforms) = postSolution
		{0FC862EC-8A00-47D7-8883-615BA2D54A8B}.Debug|Any CPU.ActiveCfg = Debug|Any CPU
		{0FC862EC-8A00-47D7-8883-615BA2D54A8B}.Debug|Any CPU.Build.0 = Debug|Any CPU
		{0FC862EC-8A00-47D7-8883-615BA2D54A8B}.Release|Any CPU.ActiveCfg = Release|Any CPU
		{0FC862EC-8A00-47D7-8883-615BA2D54A8B}.Release|Any CPU.Build.0 = Release|Any CPU
	EndGlobalSection
	GlobalSection(SolutionProperties) = preSolution
		HideSolutionNode = FALSE
	EndGlobalSection
	GlobalSection(ExtensibilityGlobals) = postSolution
		SolutionGuid = {E739293C-3564-49BF-8BC4-704C5D5B98C3}
	EndGlobalSection
EndGlobal
